
Microsoft Visual Studio Solution File, Format Version 12.00
# Visual Studio 15
Project("{FAE04EC0-301F-11D3-BF4B-00C04F79EFBC}") = "Unity.Timeline", "Unity.Timeline.csproj", "{588DA6AD-4AEC-51FA-7CD3-540D2A5D8A31}"
EndProject
Project("{FAE04EC0-301F-11D3-BF4B-00C04F79EFBC}") = "QFramework.CoreKit", "QFramework.CoreKit.csproj", "{BF98395B-B1E7-23AF-6902-74C2BEBC04F9}"
EndProject
Project("{FAE04EC0-301F-11D3-BF4B-00C04F79EFBC}") = "Unity.PlasticSCM.Editor", "Unity.PlasticSCM.Editor.csproj", "{72DD8F17-81F9-117D-0878-922B4CD19A37}"
EndProject
Project("{FAE04EC0-301F-11D3-BF4B-00C04F79EFBC}") = "Unity.ShaderGraph.Editor", "Unity.ShaderGraph.Editor.csproj", "{F57A172A-E960-E52C-6C1D-CA74C4D0A740}"
EndProject
Project("{FAE04EC0-301F-11D3-BF4B-00C04F79EFBC}") = "Unity.InputSystem", "Unity.InputSystem.csproj", "{13946EA4-3FDB-877C-F2AC-A02BB1765829}"
EndProject
Project("{FAE04EC0-301F-11D3-BF4B-00C04F79EFBC}") = "AudioKit", "AudioKit.csproj", "{B4214B9D-5C7C-CF84-0EC9-4A0558031E81}"
EndProject
Project("{FAE04EC0-301F-11D3-BF4B-00C04F79EFBC}") = "Unity.VisualScripting.Flow", "Unity.VisualScripting.Flow.csproj", "{ABF50B2A-D631-947D-D70C-9A047E50E63D}"
EndProject
Project("{FAE04EC0-301F-11D3-BF4B-00C04F79EFBC}") = "Unity.RenderPipelines.Universal.Runtime", "Unity.RenderPipelines.Universal.Runtime.csproj", "{FFED3A6C-64E6-42A8-29EB-549958CCF11E}"
EndProject
Project("{FAE04EC0-301F-11D3-BF4B-00C04F79EFBC}") = "UnityEditor.UI", "UnityEditor.UI.csproj", "{34FF9E29-1244-35AD-B8F5-A63FA4587F17}"
EndProject
Project("{FAE04EC0-301F-11D3-BF4B-00C04F79EFBC}") = "Unity.Timeline.Editor", "Unity.Timeline.Editor.csproj", "{32656000-4470-C983-42C7-735C449AB683}"
EndProject
Project("{FAE04EC0-301F-11D3-BF4B-00C04F79EFBC}") = "Unity.RenderPipelines.Core.Runtime", "Unity.RenderPipelines.Core.Runtime.csproj", "{2190A0CD-76A5-756F-4029-0C1E3A59D1CA}"
EndProject
Project("{FAE04EC0-301F-11D3-BF4B-00C04F79EFBC}") = "Unity.ScriptableBuildPipeline.Editor", "Unity.ScriptableBuildPipeline.Editor.csproj", "{B0F3F14E-C434-7201-49FD-4424B6B29B00}"
EndProject
Project("{FAE04EC0-301F-11D3-BF4B-00C04F79EFBC}") = "Unity.Mathematics", "Unity.Mathematics.csproj", "{EE159589-139A-77D7-9E1C-35168FF16E69}"
EndProject
Project("{FAE04EC0-301F-11D3-BF4B-00C04F79EFBC}") = "Unity.RenderPipelines.Core.Editor", "Unity.RenderPipelines.Core.Editor.csproj", "{C5A411B7-0CC0-CB6B-6799-20238C55005A}"
EndProject
Project("{FAE04EC0-301F-11D3-BF4B-00C04F79EFBC}") = "Unity.Addressables.Editor", "Unity.Addressables.Editor.csproj", "{2424846A-94B6-8430-FB2A-1F83CDC0B83A}"
EndProject
Project("{FAE04EC0-301F-11D3-BF4B-00C04F79EFBC}") = "Unity.VisualScripting.Core.Editor", "Unity.VisualScripting.Core.Editor.csproj", "{1C46952B-A3EF-9992-3123-BC956878FA2E}"
EndProject
Project("{FAE04EC0-301F-11D3-BF4B-00C04F79EFBC}") = "UnityEditor.TestRunner", "UnityEditor.TestRunner.csproj", "{CA313FFE-D792-4945-498E-3336B1333C17}"
EndProject
Project("{FAE04EC0-301F-11D3-BF4B-00C04F79EFBC}") = "Assembly-CSharp", "Assembly-CSharp.csproj", "{4142A51F-6282-9891-DE15-26396FA1718C}"
EndProject
Project("{FAE04EC0-301F-11D3-BF4B-00C04F79EFBC}") = "Unity.RenderPipelines.Universal.Editor", "Unity.RenderPipelines.Universal.Editor.csproj", "{6AD20B4A-4F9F-9B4E-6628-10859D107C5B}"
EndProject
Project("{FAE04EC0-301F-11D3-BF4B-00C04F79EFBC}") = "Unity.TextMeshPro.Editor", "Unity.TextMeshPro.Editor.csproj", "{12962A7C-0B17-C295-4ED0-BB21375F4787}"
EndProject
Project("{FAE04EC0-301F-11D3-BF4B-00C04F79EFBC}") = "Unity.VisualScripting.Flow.Editor", "Unity.VisualScripting.Flow.Editor.csproj", "{73EC6A3D-60F3-4878-2868-C33FAE4B803A}"
EndProject
Project("{FAE04EC0-301F-11D3-BF4B-00C04F79EFBC}") = "UnityEngine.TestRunner", "UnityEngine.TestRunner.csproj", "{6230140A-EFA2-EFAF-7C09-9AA3ECF26128}"
EndProject
Project("{FAE04EC0-301F-11D3-BF4B-00C04F79EFBC}") = "Unity.VisualScripting.Core", "Unity.VisualScripting.Core.csproj", "{2EFCAAEB-4B0E-9FE7-26D1-5E2AD69F66CC}"
EndProject
Project("{FAE04EC0-301F-11D3-BF4B-00C04F79EFBC}") = "Unity.Searcher.Editor", "Unity.Searcher.Editor.csproj", "{50A6DFF4-3C1F-705F-E0A7-E0B3B6114E00}"
EndProject
Project("{FAE04EC0-301F-11D3-BF4B-00C04F79EFBC}") = "Unity.Burst", "Unity.Burst.csproj", "{A5AA0AAD-FEA3-B4DD-D456-927C27BB8C0C}"
EndProject
Project("{FAE04EC0-301F-11D3-BF4B-00C04F79EFBC}") = "UIKit.Editor", "UIKit.Editor.csproj", "{1E570C43-690C-FCA5-AC3E-65F7FA494618}"
EndProject
Project("{FAE04EC0-301F-11D3-BF4B-00C04F79EFBC}") = "Unity.VisualStudio.Editor", "Unity.VisualStudio.Editor.csproj", "{7C3475B0-3338-311E-785A-AD4D2F039F62}"
EndProject
Project("{FAE04EC0-301F-11D3-BF4B-00C04F79EFBC}") = "PPv2URPConverters", "PPv2URPConverters.csproj", "{7913D3EE-BA9B-0306-EA56-F7EBC5CB9A46}"
EndProject
Project("{FAE04EC0-301F-11D3-BF4B-00C04F79EFBC}") = "UIKit", "UIKit.csproj", "{5A6BE8FB-36B1-7A11-58F8-11A1A3562FA1}"
EndProject
Project("{FAE04EC0-301F-11D3-BF4B-00C04F79EFBC}") = "ResKit", "ResKit.csproj", "{7A3B22C3-B62A-FC8B-F483-7FA84618EC4E}"
EndProject
Project("{FAE04EC0-301F-11D3-BF4B-00C04F79EFBC}") = "Unity.Rider.Editor", "Unity.Rider.Editor.csproj", "{4EA2D150-EDEA-26EB-9C3A-E1D41BE2EAC3}"
EndProject
Project("{FAE04EC0-301F-11D3-BF4B-00C04F79EFBC}") = "Unity.ResourceManager", "Unity.ResourceManager.csproj", "{BFADDF03-128B-E653-20B8-76B5FF714228}"
EndProject
Project("{FAE04EC0-301F-11D3-BF4B-00C04F79EFBC}") = "Unity.Addressables.Editor.Tests.DocExampleCode", "Unity.Addressables.Editor.Tests.DocExampleCode.csproj", "{41894838-5EBB-F194-9DEF-A4B10274D881}"
EndProject
Project("{FAE04EC0-301F-11D3-BF4B-00C04F79EFBC}") = "Unity.Addressables", "Unity.Addressables.csproj", "{47E63DC4-831F-7F3D-9A2A-26CFEE0DFD1C}"
EndProject
Project("{FAE04EC0-301F-11D3-BF4B-00C04F79EFBC}") = "Assembly-CSharp-Editor", "Assembly-CSharp-Editor.csproj", "{04033A89-3328-961F-A570-6A52BEAD6816}"
EndProject
Project("{FAE04EC0-301F-11D3-BF4B-00C04F79EFBC}") = "Unity.VisualScripting.State.Editor", "Unity.VisualScripting.State.Editor.csproj", "{A55EE643-4FA4-3FA9-AEA9-22AD6AE7AF77}"
EndProject
Project("{FAE04EC0-301F-11D3-BF4B-00C04F79EFBC}") = "UnityEngine.UI", "UnityEngine.UI.csproj", "{A373B658-CA3B-C5B3-659B-C760007A9CAE}"
EndProject
Project("{FAE04EC0-301F-11D3-BF4B-00C04F79EFBC}") = "Unity.Burst.CodeGen", "Unity.Burst.CodeGen.csproj", "{85B30BA1-C526-7115-3811-1F9D8BF236A6}"
EndProject
Project("{FAE04EC0-301F-11D3-BF4B-00C04F79EFBC}") = "Unity.RenderPipeline.Universal.ShaderLibrary", "Unity.RenderPipeline.Universal.ShaderLibrary.csproj", "{791F60E9-E141-DD18-0296-D6AE8DCC1F8F}"
EndProject
Project("{FAE04EC0-301F-11D3-BF4B-00C04F79EFBC}") = "Unity.VisualScripting.State", "Unity.VisualScripting.State.csproj", "{7D26C54E-1A54-98A0-C54A-121029D5B7B4}"
EndProject
Project("{FAE04EC0-301F-11D3-BF4B-00C04F79EFBC}") = "Unity.TextMeshPro", "Unity.TextMeshPro.csproj", "{5FF28C36-D960-A2DB-464D-7BDE039FD424}"
EndProject
Project("{FAE04EC0-301F-11D3-BF4B-00C04F79EFBC}") = "Unity.VisualScripting.SettingsProvider.Editor", "Unity.VisualScripting.SettingsProvider.Editor.csproj", "{0BC262A6-7CB8-0537-7048-7ECC4905C4C0}"
EndProject
Project("{FAE04EC0-301F-11D3-BF4B-00C04F79EFBC}") = "Unity.VSCode.Editor", "Unity.VSCode.Editor.csproj", "{0B8D2E09-BFC6-AFD9-B10C-1D8AFE4E9620}"
EndProject
Project("{FAE04EC0-301F-11D3-BF4B-00C04F79EFBC}") = "ResKit.Editor", "ResKit.Editor.csproj", "{331B9374-A526-9D14-5218-C0380B5DE04D}"
EndProject
Project("{FAE04EC0-301F-11D3-BF4B-00C04F79EFBC}") = "Unity.Burst.Editor", "Unity.Burst.Editor.csproj", "{FCCB6550-C15C-07B8-7C69-A7D4F89CD73B}"
EndProject
Project("{FAE04EC0-301F-11D3-BF4B-00C04F79EFBC}") = "Unity.RenderPipelines.Universal.2D.Internal", "Unity.RenderPipelines.Universal.2D.Internal.csproj", "{960C163F-6C75-B400-6C6B-A5E049C281C1}"
EndProject
Project("{FAE04EC0-301F-11D3-BF4B-00C04F79EFBC}") = "Unity.InputSystem.DocCodeSamples", "Unity.InputSystem.DocCodeSamples.csproj", "{575726EB-1D8D-B5F3-21B2-F9E2EDFAF397}"
EndProject
Project("{FAE04EC0-301F-11D3-BF4B-00C04F79EFBC}") = "Unity.InputSystem.ForUI", "Unity.InputSystem.ForUI.csproj", "{C47A3607-DFA0-666A-CE7F-F372CEAAD42B}"
EndProject
Project("{FAE04EC0-301F-11D3-BF4B-00C04F79EFBC}") = "Unity.Mathematics.Editor", "Unity.Mathematics.Editor.csproj", "{BDCBC86F-F39F-72BB-3024-02901442512A}"
EndProject
Project("{FAE04EC0-301F-11D3-BF4B-00C04F79EFBC}") = "Unity.InputSystem.TestFramework", "Unity.InputSystem.TestFramework.csproj", "{FB3B7B02-155F-E4EA-6BF7-C06901102C07}"
EndProject
Project("{FAE04EC0-301F-11D3-BF4B-00C04F79EFBC}") = "Unity.CollabProxy.Editor", "Unity.CollabProxy.Editor.csproj", "{06941235-6BB3-5EBA-E739-06CFA90A06E8}"
EndProject
Project("{FAE04EC0-301F-11D3-BF4B-00C04F79EFBC}") = "Unity.ShaderGraph.Utilities", "Unity.ShaderGraph.Utilities.csproj", "{A60CCBC1-186E-D44D-D1CD-23AFAA7FC954}"
EndProject
Project("{FAE04EC0-301F-11D3-BF4B-00C04F79EFBC}") = "SupportOldQF", "SupportOldQF.csproj", "{CCC70E32-B959-1C38-F86B-9114118F66B2}"
EndProject
Project("{FAE04EC0-301F-11D3-BF4B-00C04F79EFBC}") = "Unity.VisualScripting.Shared.Editor", "Unity.VisualScripting.Shared.Editor.csproj", "{6156F47E-A518-3F92-FB8F-C6EBF437F353}"
EndProject
Project("{FAE04EC0-301F-11D3-BF4B-00C04F79EFBC}") = "Unity.ScriptableBuildPipeline", "Unity.ScriptableBuildPipeline.csproj", "{0CEB74BE-DE60-6C8A-DB9E-A02B32B1E5DF}"
EndProject
Project("{FAE04EC0-301F-11D3-BF4B-00C04F79EFBC}") = "Unity.PlasticSCM.Editor.Entities", "Unity.PlasticSCM.Editor.Entities.csproj", "{037D3485-B8E7-1C0C-4FA6-B86944B55755}"
EndProject
Project("{FAE04EC0-301F-11D3-BF4B-00C04F79EFBC}") = "QFramework", "QFramework.csproj", "{D4B4C936-48EF-894A-89BE-95C9FF6397DD}"
EndProject
Project("{FAE04EC0-301F-11D3-BF4B-00C04F79EFBC}") = "Unity.RenderPipelines.Universal.Config.Runtime", "Unity.RenderPipelines.Universal.Config.Runtime.csproj", "{CE2925D8-9B32-A1BC-B388-94A6E8ABF1BF}"
EndProject
Project("{FAE04EC0-301F-11D3-BF4B-00C04F79EFBC}") = "Unity.RenderPipelines.ShaderGraph.ShaderGraphLibrary", "Unity.RenderPipelines.ShaderGraph.ShaderGraphLibrary.csproj", "{6D137C49-0C57-1217-C7D1-972EA4FDC2B6}"
EndProject
Project("{FAE04EC0-301F-11D3-BF4B-00C04F79EFBC}") = "Unity.RenderPipelines.Core.ShaderLibrary", "Unity.RenderPipelines.Core.ShaderLibrary.csproj", "{AFDFCBF8-277B-83B7-1ED8-1EBEF1B65CCB}"
EndProject
Project("{FAE04EC0-301F-11D3-BF4B-00C04F79EFBC}") = "Unity.RenderPipelines.Universal.Shaders", "Unity.RenderPipelines.Universal.Shaders.csproj", "{57D7A197-8093-0C3C-2902-397A43ECEBC8}"
EndProject
Project("{FAE04EC0-301F-11D3-BF4B-00C04F79EFBC}") = "Unity.Timeline", "Unity.Timeline.Player.csproj", "{4DDF03DC-BB01-0BBC-C82E-A531EFFBDE92}"
EndProject
Project("{FAE04EC0-301F-11D3-BF4B-00C04F79EFBC}") = "QFramework.CoreKit", "QFramework.CoreKit.Player.csproj", "{25B924F8-EBDC-7161-AF01-027BF9E5EAFF}"
EndProject
Project("{FAE04EC0-301F-11D3-BF4B-00C04F79EFBC}") = "Unity.InputSystem", "Unity.InputSystem.Player.csproj", "{2EA3F110-BBEB-EC1B-E919-53D9789A25FD}"
EndProject
Project("{FAE04EC0-301F-11D3-BF4B-00C04F79EFBC}") = "AudioKit", "AudioKit.Player.csproj", "{671F4248-0FAD-E315-5386-272A8803ADE9}"
EndProject
Project("{FAE04EC0-301F-11D3-BF4B-00C04F79EFBC}") = "Unity.VisualScripting.Flow", "Unity.VisualScripting.Flow.Player.csproj", "{97DD0FFE-8F8C-6A2C-41D7-738F6A1A5012}"
EndProject
Project("{FAE04EC0-301F-11D3-BF4B-00C04F79EFBC}") = "Unity.RenderPipelines.Universal.Runtime", "Unity.RenderPipelines.Universal.Runtime.Player.csproj", "{2BA8D637-BD5B-24AB-FE8B-65C1F5FBD5D4}"
EndProject
Project("{FAE04EC0-301F-11D3-BF4B-00C04F79EFBC}") = "Unity.RenderPipelines.Core.Runtime", "Unity.RenderPipelines.Core.Runtime.Player.csproj", "{21E07518-B0D7-74D4-D3A8-06C48828A427}"
EndProject
Project("{FAE04EC0-301F-11D3-BF4B-00C04F79EFBC}") = "Unity.Mathematics", "Unity.Mathematics.Player.csproj", "{7039761A-7D3F-7F24-E9B4-D8CC7E858D9F}"
EndProject
Project("{FAE04EC0-301F-11D3-BF4B-00C04F79EFBC}") = "Assembly-CSharp", "Assembly-CSharp.Player.csproj", "{90748A08-5E24-3EB0-405F-E2A06B01836A}"
EndProject
Project("{FAE04EC0-301F-11D3-BF4B-00C04F79EFBC}") = "UnityEngine.TestRunner", "UnityEngine.TestRunner.Player.csproj", "{31AAB326-7DEE-EE7F-6449-C2FB2E9F6998}"
EndProject
Project("{FAE04EC0-301F-11D3-BF4B-00C04F79EFBC}") = "Unity.VisualScripting.Core", "Unity.VisualScripting.Core.Player.csproj", "{7E4433C9-4791-30D8-581D-E30C6D03AE29}"
EndProject
Project("{FAE04EC0-301F-11D3-BF4B-00C04F79EFBC}") = "Unity.Burst", "Unity.Burst.Player.csproj", "{8A7EAD46-59FD-DAB3-2FA2-AE520ECA2BC1}"
EndProject
Project("{FAE04EC0-301F-11D3-BF4B-00C04F79EFBC}") = "UIKit", "UIKit.Player.csproj", "{9F30D077-CF23-5B15-46D5-3700A350C7F7}"
EndProject
Project("{FAE04EC0-301F-11D3-BF4B-00C04F79EFBC}") = "ResKit", "ResKit.Player.csproj", "{B5BA97E4-16FA-2A66-DF13-CD2CCEA42C43}"
EndProject
Project("{FAE04EC0-301F-11D3-BF4B-00C04F79EFBC}") = "Unity.ResourceManager", "Unity.ResourceManager.Player.csproj", "{33A4D81F-1BE4-B875-86EE-169D88C294EF}"
EndProject
Project("{FAE04EC0-301F-11D3-BF4B-00C04F79EFBC}") = "Unity.Addressables", "Unity.Addressables.Player.csproj", "{30AFBFF7-0E8E-E11F-E8AB-A23B41935A3F}"
EndProject
Project("{FAE04EC0-301F-11D3-BF4B-00C04F79EFBC}") = "UnityEngine.UI", "UnityEngine.UI.Player.csproj", "{5047FA4E-7B17-2901-348E-D0ABEF210BD6}"
EndProject
Project("{FAE04EC0-301F-11D3-BF4B-00C04F79EFBC}") = "Unity.RenderPipeline.Universal.ShaderLibrary", "Unity.RenderPipeline.Universal.ShaderLibrary.Player.csproj", "{9276E8C8-0DBC-1469-E404-91963E04F0F9}"
EndProject
Project("{FAE04EC0-301F-11D3-BF4B-00C04F79EFBC}") = "Unity.VisualScripting.State", "Unity.VisualScripting.State.Player.csproj", "{4F06E3F5-BC38-B9E7-2624-680750D11F29}"
EndProject
Project("{FAE04EC0-301F-11D3-BF4B-00C04F79EFBC}") = "Unity.TextMeshPro", "Unity.TextMeshPro.Player.csproj", "{A7A4999D-694C-CFCB-6719-1CFABEF56204}"
EndProject
Project("{FAE04EC0-301F-11D3-BF4B-00C04F79EFBC}") = "Unity.RenderPipelines.Universal.2D.Internal", "Unity.RenderPipelines.Universal.2D.Internal.Player.csproj", "{E1DAAE65-0EB2-3ACD-1693-E4C340A50FEE}"
EndProject
Project("{FAE04EC0-301F-11D3-BF4B-00C04F79EFBC}") = "Unity.InputSystem.ForUI", "Unity.InputSystem.ForUI.Player.csproj", "{F8E2104C-F592-BF54-2EE8-0705A17540CD}"
EndProject
Project("{FAE04EC0-301F-11D3-BF4B-00C04F79EFBC}") = "Unity.InputSystem.TestFramework", "Unity.InputSystem.TestFramework.Player.csproj", "{C440B6B5-9867-4C52-7DF4-D21C5F2EF57E}"
EndProject
Project("{FAE04EC0-301F-11D3-BF4B-00C04F79EFBC}") = "SupportOldQF", "SupportOldQF.Player.csproj", "{94103704-1D2C-CF27-8F32-A67DEFAB90B2}"
EndProject
Project("{FAE04EC0-301F-11D3-BF4B-00C04F79EFBC}") = "Unity.ScriptableBuildPipeline", "Unity.ScriptableBuildPipeline.Player.csproj", "{AC931353-74E3-0018-A8DD-1887E4C54B63}"
EndProject
Project("{FAE04EC0-301F-11D3-BF4B-00C04F79EFBC}") = "QFramework", "QFramework.Player.csproj", "{5B0B3DC0-C965-FABB-BF83-E4FB31680F37}"
EndProject
Project("{FAE04EC0-301F-11D3-BF4B-00C04F79EFBC}") = "Unity.RenderPipelines.Universal.Config.Runtime", "Unity.RenderPipelines.Universal.Config.Runtime.Player.csproj", "{1A05DC5A-37A1-1ADB-EF44-59B0DD3CEF13}"
EndProject
Project("{FAE04EC0-301F-11D3-BF4B-00C04F79EFBC}") = "Unity.RenderPipelines.ShaderGraph.ShaderGraphLibrary", "Unity.RenderPipelines.ShaderGraph.ShaderGraphLibrary.Player.csproj", "{66895143-F1AE-7F09-443C-76AA1F107378}"
EndProject
Project("{FAE04EC0-301F-11D3-BF4B-00C04F79EFBC}") = "Unity.RenderPipelines.Core.ShaderLibrary", "Unity.RenderPipelines.Core.ShaderLibrary.Player.csproj", "{83112E18-F026-9546-2379-5893891EF5AA}"
EndProject
Project("{FAE04EC0-301F-11D3-BF4B-00C04F79EFBC}") = "Unity.RenderPipelines.Universal.Shaders", "Unity.RenderPipelines.Universal.Shaders.Player.csproj", "{74D62698-D92E-E893-06B8-4F20E82F24EE}"
EndProject
Global
	GlobalSection(SolutionConfigurationPlatforms) = preSolution
		Debug|Any CPU = Debug|Any CPU
		Release|Any CPU = Release|Any CPU
	EndGlobalSection
	GlobalSection(ProjectConfigurationPlatforms) = postSolution
		{588DA6AD-4AEC-51FA-7CD3-540D2A5D8A31}.Debug|Any CPU.ActiveCfg = Debug|Any CPU
		{588DA6AD-4AEC-51FA-7CD3-540D2A5D8A31}.Debug|Any CPU.Build.0 = Debug|Any CPU
		{588DA6AD-4AEC-51FA-7CD3-540D2A5D8A31}.Release|Any CPU.ActiveCfg = Release|Any CPU
		{588DA6AD-4AEC-51FA-7CD3-540D2A5D8A31}.Release|Any CPU.Build.0 = Release|Any CPU
		{BF98395B-B1E7-23AF-6902-74C2BEBC04F9}.Debug|Any CPU.ActiveCfg = Debug|Any CPU
		{BF98395B-B1E7-23AF-6902-74C2BEBC04F9}.Debug|Any CPU.Build.0 = Debug|Any CPU
		{BF98395B-B1E7-23AF-6902-74C2BEBC04F9}.Release|Any CPU.ActiveCfg = Release|Any CPU
		{BF98395B-B1E7-23AF-6902-74C2BEBC04F9}.Release|Any CPU.Build.0 = Release|Any CPU
		{72DD8F17-81F9-117D-0878-922B4CD19A37}.Debug|Any CPU.ActiveCfg = Debug|Any CPU
		{72DD8F17-81F9-117D-0878-922B4CD19A37}.Debug|Any CPU.Build.0 = Debug|Any CPU
		{72DD8F17-81F9-117D-0878-922B4CD19A37}.Release|Any CPU.ActiveCfg = Release|Any CPU
		{72DD8F17-81F9-117D-0878-922B4CD19A37}.Release|Any CPU.Build.0 = Release|Any CPU
		{F57A172A-E960-E52C-6C1D-CA74C4D0A740}.Debug|Any CPU.ActiveCfg = Debug|Any CPU
		{F57A172A-E960-E52C-6C1D-CA74C4D0A740}.Debug|Any CPU.Build.0 = Debug|Any CPU
		{F57A172A-E960-E52C-6C1D-CA74C4D0A740}.Release|Any CPU.ActiveCfg = Release|Any CPU
		{F57A172A-E960-E52C-6C1D-CA74C4D0A740}.Release|Any CPU.Build.0 = Release|Any CPU
		{13946EA4-3FDB-877C-F2AC-A02BB1765829}.Debug|Any CPU.ActiveCfg = Debug|Any CPU
		{13946EA4-3FDB-877C-F2AC-A02BB1765829}.Debug|Any CPU.Build.0 = Debug|Any CPU
		{13946EA4-3FDB-877C-F2AC-A02BB1765829}.Release|Any CPU.ActiveCfg = Release|Any CPU
		{13946EA4-3FDB-877C-F2AC-A02BB1765829}.Release|Any CPU.Build.0 = Release|Any CPU
		{B4214B9D-5C7C-CF84-0EC9-4A0558031E81}.Debug|Any CPU.ActiveCfg = Debug|Any CPU
		{B4214B9D-5C7C-CF84-0EC9-4A0558031E81}.Debug|Any CPU.Build.0 = Debug|Any CPU
		{B4214B9D-5C7C-CF84-0EC9-4A0558031E81}.Release|Any CPU.ActiveCfg = Release|Any CPU
		{B4214B9D-5C7C-CF84-0EC9-4A0558031E81}.Release|Any CPU.Build.0 = Release|Any CPU
		{ABF50B2A-D631-947D-D70C-9A047E50E63D}.Debug|Any CPU.ActiveCfg = Debug|Any CPU
		{ABF50B2A-D631-947D-D70C-9A047E50E63D}.Debug|Any CPU.Build.0 = Debug|Any CPU
		{ABF50B2A-D631-947D-D70C-9A047E50E63D}.Release|Any CPU.ActiveCfg = Release|Any CPU
		{ABF50B2A-D631-947D-D70C-9A047E50E63D}.Release|Any CPU.Build.0 = Release|Any CPU
		{FFED3A6C-64E6-42A8-29EB-549958CCF11E}.Debug|Any CPU.ActiveCfg = Debug|Any CPU
		{FFED3A6C-64E6-42A8-29EB-549958CCF11E}.Debug|Any CPU.Build.0 = Debug|Any CPU
		{FFED3A6C-64E6-42A8-29EB-549958CCF11E}.Release|Any CPU.ActiveCfg = Release|Any CPU
		{FFED3A6C-64E6-42A8-29EB-549958CCF11E}.Release|Any CPU.Build.0 = Release|Any CPU
		{34FF9E29-1244-35AD-B8F5-A63FA4587F17}.Debug|Any CPU.ActiveCfg = Debug|Any CPU
		{34FF9E29-1244-35AD-B8F5-A63FA4587F17}.Debug|Any CPU.Build.0 = Debug|Any CPU
		{34FF9E29-1244-35AD-B8F5-A63FA4587F17}.Release|Any CPU.ActiveCfg = Release|Any CPU
		{34FF9E29-1244-35AD-B8F5-A63FA4587F17}.Release|Any CPU.Build.0 = Release|Any CPU
		{32656000-4470-C983-42C7-735C449AB683}.Debug|Any CPU.ActiveCfg = Debug|Any CPU
		{32656000-4470-C983-42C7-735C449AB683}.Debug|Any CPU.Build.0 = Debug|Any CPU
		{32656000-4470-C983-42C7-735C449AB683}.Release|Any CPU.ActiveCfg = Release|Any CPU
		{32656000-4470-C983-42C7-735C449AB683}.Release|Any CPU.Build.0 = Release|Any CPU
		{2190A0CD-76A5-756F-4029-0C1E3A59D1CA}.Debug|Any CPU.ActiveCfg = Debug|Any CPU
		{2190A0CD-76A5-756F-4029-0C1E3A59D1CA}.Debug|Any CPU.Build.0 = Debug|Any CPU
		{2190A0CD-76A5-756F-4029-0C1E3A59D1CA}.Release|Any CPU.ActiveCfg = Release|Any CPU
		{2190A0CD-76A5-756F-4029-0C1E3A59D1CA}.Release|Any CPU.Build.0 = Release|Any CPU
		{B0F3F14E-C434-7201-49FD-4424B6B29B00}.Debug|Any CPU.ActiveCfg = Debug|Any CPU
		{B0F3F14E-C434-7201-49FD-4424B6B29B00}.Debug|Any CPU.Build.0 = Debug|Any CPU
		{B0F3F14E-C434-7201-49FD-4424B6B29B00}.Release|Any CPU.ActiveCfg = Release|Any CPU
		{B0F3F14E-C434-7201-49FD-4424B6B29B00}.Release|Any CPU.Build.0 = Release|Any CPU
		{EE159589-139A-77D7-9E1C-35168FF16E69}.Debug|Any CPU.ActiveCfg = Debug|Any CPU
		{EE159589-139A-77D7-9E1C-35168FF16E69}.Debug|Any CPU.Build.0 = Debug|Any CPU
		{EE159589-139A-77D7-9E1C-35168FF16E69}.Release|Any CPU.ActiveCfg = Release|Any CPU
		{EE159589-139A-77D7-9E1C-35168FF16E69}.Release|Any CPU.Build.0 = Release|Any CPU
		{C5A411B7-0CC0-CB6B-6799-20238C55005A}.Debug|Any CPU.ActiveCfg = Debug|Any CPU
		{C5A411B7-0CC0-CB6B-6799-20238C55005A}.Debug|Any CPU.Build.0 = Debug|Any CPU
		{C5A411B7-0CC0-CB6B-6799-20238C55005A}.Release|Any CPU.ActiveCfg = Release|Any CPU
		{C5A411B7-0CC0-CB6B-6799-20238C55005A}.Release|Any CPU.Build.0 = Release|Any CPU
		{2424846A-94B6-8430-FB2A-1F83CDC0B83A}.Debug|Any CPU.ActiveCfg = Debug|Any CPU
		{2424846A-94B6-8430-FB2A-1F83CDC0B83A}.Debug|Any CPU.Build.0 = Debug|Any CPU
		{2424846A-94B6-8430-FB2A-1F83CDC0B83A}.Release|Any CPU.ActiveCfg = Release|Any CPU
		{2424846A-94B6-8430-FB2A-1F83CDC0B83A}.Release|Any CPU.Build.0 = Release|Any CPU
		{1C46952B-A3EF-9992-3123-BC956878FA2E}.Debug|Any CPU.ActiveCfg = Debug|Any CPU
		{1C46952B-A3EF-9992-3123-BC956878FA2E}.Debug|Any CPU.Build.0 = Debug|Any CPU
		{1C46952B-A3EF-9992-3123-BC956878FA2E}.Release|Any CPU.ActiveCfg = Release|Any CPU
		{1C46952B-A3EF-9992-3123-BC956878FA2E}.Release|Any CPU.Build.0 = Release|Any CPU
		{CA313FFE-D792-4945-498E-3336B1333C17}.Debug|Any CPU.ActiveCfg = Debug|Any CPU
		{CA313FFE-D792-4945-498E-3336B1333C17}.Debug|Any CPU.Build.0 = Debug|Any CPU
		{CA313FFE-D792-4945-498E-3336B1333C17}.Release|Any CPU.ActiveCfg = Release|Any CPU
		{CA313FFE-D792-4945-498E-3336B1333C17}.Release|Any CPU.Build.0 = Release|Any CPU
		{4142A51F-6282-9891-DE15-26396FA1718C}.Debug|Any CPU.ActiveCfg = Debug|Any CPU
		{4142A51F-6282-9891-DE15-26396FA1718C}.Debug|Any CPU.Build.0 = Debug|Any CPU
		{4142A51F-6282-9891-DE15-26396FA1718C}.Release|Any CPU.ActiveCfg = Release|Any CPU
		{4142A51F-6282-9891-DE15-26396FA1718C}.Release|Any CPU.Build.0 = Release|Any CPU
		{6AD20B4A-4F9F-9B4E-6628-10859D107C5B}.Debug|Any CPU.ActiveCfg = Debug|Any CPU
		{6AD20B4A-4F9F-9B4E-6628-10859D107C5B}.Debug|Any CPU.Build.0 = Debug|Any CPU
		{6AD20B4A-4F9F-9B4E-6628-10859D107C5B}.Release|Any CPU.ActiveCfg = Release|Any CPU
		{6AD20B4A-4F9F-9B4E-6628-10859D107C5B}.Release|Any CPU.Build.0 = Release|Any CPU
		{12962A7C-0B17-C295-4ED0-BB21375F4787}.Debug|Any CPU.ActiveCfg = Debug|Any CPU
		{12962A7C-0B17-C295-4ED0-BB21375F4787}.Debug|Any CPU.Build.0 = Debug|Any CPU
		{12962A7C-0B17-C295-4ED0-BB21375F4787}.Release|Any CPU.ActiveCfg = Release|Any CPU
		{12962A7C-0B17-C295-4ED0-BB21375F4787}.Release|Any CPU.Build.0 = Release|Any CPU
		{73EC6A3D-60F3-4878-2868-C33FAE4B803A}.Debug|Any CPU.ActiveCfg = Debug|Any CPU
		{73EC6A3D-60F3-4878-2868-C33FAE4B803A}.Debug|Any CPU.Build.0 = Debug|Any CPU
		{73EC6A3D-60F3-4878-2868-C33FAE4B803A}.Release|Any CPU.ActiveCfg = Release|Any CPU
		{73EC6A3D-60F3-4878-2868-C33FAE4B803A}.Release|Any CPU.Build.0 = Release|Any CPU
		{6230140A-EFA2-EFAF-7C09-9AA3ECF26128}.Debug|Any CPU.ActiveCfg = Debug|Any CPU
		{6230140A-EFA2-EFAF-7C09-9AA3ECF26128}.Debug|Any CPU.Build.0 = Debug|Any CPU
		{6230140A-EFA2-EFAF-7C09-9AA3ECF26128}.Release|Any CPU.ActiveCfg = Release|Any CPU
		{6230140A-EFA2-EFAF-7C09-9AA3ECF26128}.Release|Any CPU.Build.0 = Release|Any CPU
		{2EFCAAEB-4B0E-9FE7-26D1-5E2AD69F66CC}.Debug|Any CPU.ActiveCfg = Debug|Any CPU
		{2EFCAAEB-4B0E-9FE7-26D1-5E2AD69F66CC}.Debug|Any CPU.Build.0 = Debug|Any CPU
		{2EFCAAEB-4B0E-9FE7-26D1-5E2AD69F66CC}.Release|Any CPU.ActiveCfg = Release|Any CPU
		{2EFCAAEB-4B0E-9FE7-26D1-5E2AD69F66CC}.Release|Any CPU.Build.0 = Release|Any CPU
		{50A6DFF4-3C1F-705F-E0A7-E0B3B6114E00}.Debug|Any CPU.ActiveCfg = Debug|Any CPU
		{50A6DFF4-3C1F-705F-E0A7-E0B3B6114E00}.Debug|Any CPU.Build.0 = Debug|Any CPU
		{50A6DFF4-3C1F-705F-E0A7-E0B3B6114E00}.Release|Any CPU.ActiveCfg = Release|Any CPU
		{50A6DFF4-3C1F-705F-E0A7-E0B3B6114E00}.Release|Any CPU.Build.0 = Release|Any CPU
		{A5AA0AAD-FEA3-B4DD-D456-927C27BB8C0C}.Debug|Any CPU.ActiveCfg = Debug|Any CPU
		{A5AA0AAD-FEA3-B4DD-D456-927C27BB8C0C}.Debug|Any CPU.Build.0 = Debug|Any CPU
		{A5AA0AAD-FEA3-B4DD-D456-927C27BB8C0C}.Release|Any CPU.ActiveCfg = Release|Any CPU
		{A5AA0AAD-FEA3-B4DD-D456-927C27BB8C0C}.Release|Any CPU.Build.0 = Release|Any CPU
		{1E570C43-690C-FCA5-AC3E-65F7FA494618}.Debug|Any CPU.ActiveCfg = Debug|Any CPU
		{1E570C43-690C-FCA5-AC3E-65F7FA494618}.Debug|Any CPU.Build.0 = Debug|Any CPU
		{1E570C43-690C-FCA5-AC3E-65F7FA494618}.Release|Any CPU.ActiveCfg = Release|Any CPU
		{1E570C43-690C-FCA5-AC3E-65F7FA494618}.Release|Any CPU.Build.0 = Release|Any CPU
		{7C3475B0-3338-311E-785A-AD4D2F039F62}.Debug|Any CPU.ActiveCfg = Debug|Any CPU
		{7C3475B0-3338-311E-785A-AD4D2F039F62}.Debug|Any CPU.Build.0 = Debug|Any CPU
		{7C3475B0-3338-311E-785A-AD4D2F039F62}.Release|Any CPU.ActiveCfg = Release|Any CPU
		{7C3475B0-3338-311E-785A-AD4D2F039F62}.Release|Any CPU.Build.0 = Release|Any CPU
		{7913D3EE-BA9B-0306-EA56-F7EBC5CB9A46}.Debug|Any CPU.ActiveCfg = Debug|Any CPU
		{7913D3EE-BA9B-0306-EA56-F7EBC5CB9A46}.Debug|Any CPU.Build.0 = Debug|Any CPU
		{7913D3EE-BA9B-0306-EA56-F7EBC5CB9A46}.Release|Any CPU.ActiveCfg = Release|Any CPU
		{7913D3EE-BA9B-0306-EA56-F7EBC5CB9A46}.Release|Any CPU.Build.0 = Release|Any CPU
		{5A6BE8FB-36B1-7A11-58F8-11A1A3562FA1}.Debug|Any CPU.ActiveCfg = Debug|Any CPU
		{5A6BE8FB-36B1-7A11-58F8-11A1A3562FA1}.Debug|Any CPU.Build.0 = Debug|Any CPU
		{5A6BE8FB-36B1-7A11-58F8-11A1A3562FA1}.Release|Any CPU.ActiveCfg = Release|Any CPU
		{5A6BE8FB-36B1-7A11-58F8-11A1A3562FA1}.Release|Any CPU.Build.0 = Release|Any CPU
		{7A3B22C3-B62A-FC8B-F483-7FA84618EC4E}.Debug|Any CPU.ActiveCfg = Debug|Any CPU
		{7A3B22C3-B62A-FC8B-F483-7FA84618EC4E}.Debug|Any CPU.Build.0 = Debug|Any CPU
		{7A3B22C3-B62A-FC8B-F483-7FA84618EC4E}.Release|Any CPU.ActiveCfg = Release|Any CPU
		{7A3B22C3-B62A-FC8B-F483-7FA84618EC4E}.Release|Any CPU.Build.0 = Release|Any CPU
		{4EA2D150-EDEA-26EB-9C3A-E1D41BE2EAC3}.Debug|Any CPU.ActiveCfg = Debug|Any CPU
		{4EA2D150-EDEA-26EB-9C3A-E1D41BE2EAC3}.Debug|Any CPU.Build.0 = Debug|Any CPU
		{4EA2D150-EDEA-26EB-9C3A-E1D41BE2EAC3}.Release|Any CPU.ActiveCfg = Release|Any CPU
		{4EA2D150-EDEA-26EB-9C3A-E1D41BE2EAC3}.Release|Any CPU.Build.0 = Release|Any CPU
		{BFADDF03-128B-E653-20B8-76B5FF714228}.Debug|Any CPU.ActiveCfg = Debug|Any CPU
		{BFADDF03-128B-E653-20B8-76B5FF714228}.Debug|Any CPU.Build.0 = Debug|Any CPU
		{BFADDF03-128B-E653-20B8-76B5FF714228}.Release|Any CPU.ActiveCfg = Release|Any CPU
		{BFADDF03-128B-E653-20B8-76B5FF714228}.Release|Any CPU.Build.0 = Release|Any CPU
		{41894838-5EBB-F194-9DEF-A4B10274D881}.Debug|Any CPU.ActiveCfg = Debug|Any CPU
		{41894838-5EBB-F194-9DEF-A4B10274D881}.Debug|Any CPU.Build.0 = Debug|Any CPU
		{41894838-5EBB-F194-9DEF-A4B10274D881}.Release|Any CPU.ActiveCfg = Release|Any CPU
		{41894838-5EBB-F194-9DEF-A4B10274D881}.Release|Any CPU.Build.0 = Release|Any CPU
		{47E63DC4-831F-7F3D-9A2A-26CFEE0DFD1C}.Debug|Any CPU.ActiveCfg = Debug|Any CPU
		{47E63DC4-831F-7F3D-9A2A-26CFEE0DFD1C}.Debug|Any CPU.Build.0 = Debug|Any CPU
		{47E63DC4-831F-7F3D-9A2A-26CFEE0DFD1C}.Release|Any CPU.ActiveCfg = Release|Any CPU
		{47E63DC4-831F-7F3D-9A2A-26CFEE0DFD1C}.Release|Any CPU.Build.0 = Release|Any CPU
		{04033A89-3328-961F-A570-6A52BEAD6816}.Debug|Any CPU.ActiveCfg = Debug|Any CPU
		{04033A89-3328-961F-A570-6A52BEAD6816}.Debug|Any CPU.Build.0 = Debug|Any CPU
		{04033A89-3328-961F-A570-6A52BEAD6816}.Release|Any CPU.ActiveCfg = Release|Any CPU
		{04033A89-3328-961F-A570-6A52BEAD6816}.Release|Any CPU.Build.0 = Release|Any CPU
		{A55EE643-4FA4-3FA9-AEA9-22AD6AE7AF77}.Debug|Any CPU.ActiveCfg = Debug|Any CPU
		{A55EE643-4FA4-3FA9-AEA9-22AD6AE7AF77}.Debug|Any CPU.Build.0 = Debug|Any CPU
		{A55EE643-4FA4-3FA9-AEA9-22AD6AE7AF77}.Release|Any CPU.ActiveCfg = Release|Any CPU
		{A55EE643-4FA4-3FA9-AEA9-22AD6AE7AF77}.Release|Any CPU.Build.0 = Release|Any CPU
		{A373B658-CA3B-C5B3-659B-C760007A9CAE}.Debug|Any CPU.ActiveCfg = Debug|Any CPU
		{A373B658-CA3B-C5B3-659B-C760007A9CAE}.Debug|Any CPU.Build.0 = Debug|Any CPU
		{A373B658-CA3B-C5B3-659B-C760007A9CAE}.Release|Any CPU.ActiveCfg = Release|Any CPU
		{A373B658-CA3B-C5B3-659B-C760007A9CAE}.Release|Any CPU.Build.0 = Release|Any CPU
		{85B30BA1-C526-7115-3811-1F9D8BF236A6}.Debug|Any CPU.ActiveCfg = Debug|Any CPU
		{85B30BA1-C526-7115-3811-1F9D8BF236A6}.Debug|Any CPU.Build.0 = Debug|Any CPU
		{85B30BA1-C526-7115-3811-1F9D8BF236A6}.Release|Any CPU.ActiveCfg = Release|Any CPU
		{85B30BA1-C526-7115-3811-1F9D8BF236A6}.Release|Any CPU.Build.0 = Release|Any CPU
		{791F60E9-E141-DD18-0296-D6AE8DCC1F8F}.Debug|Any CPU.ActiveCfg = Debug|Any CPU
		{791F60E9-E141-DD18-0296-D6AE8DCC1F8F}.Debug|Any CPU.Build.0 = Debug|Any CPU
		{791F60E9-E141-DD18-0296-D6AE8DCC1F8F}.Release|Any CPU.ActiveCfg = Release|Any CPU
		{791F60E9-E141-DD18-0296-D6AE8DCC1F8F}.Release|Any CPU.Build.0 = Release|Any CPU
		{7D26C54E-1A54-98A0-C54A-121029D5B7B4}.Debug|Any CPU.ActiveCfg = Debug|Any CPU
		{7D26C54E-1A54-98A0-C54A-121029D5B7B4}.Debug|Any CPU.Build.0 = Debug|Any CPU
		{7D26C54E-1A54-98A0-C54A-121029D5B7B4}.Release|Any CPU.ActiveCfg = Release|Any CPU
		{7D26C54E-1A54-98A0-C54A-121029D5B7B4}.Release|Any CPU.Build.0 = Release|Any CPU
		{5FF28C36-D960-A2DB-464D-7BDE039FD424}.Debug|Any CPU.ActiveCfg = Debug|Any CPU
		{5FF28C36-D960-A2DB-464D-7BDE039FD424}.Debug|Any CPU.Build.0 = Debug|Any CPU
		{5FF28C36-D960-A2DB-464D-7BDE039FD424}.Release|Any CPU.ActiveCfg = Release|Any CPU
		{5FF28C36-D960-A2DB-464D-7BDE039FD424}.Release|Any CPU.Build.0 = Release|Any CPU
		{0BC262A6-7CB8-0537-7048-7ECC4905C4C0}.Debug|Any CPU.ActiveCfg = Debug|Any CPU
		{0BC262A6-7CB8-0537-7048-7ECC4905C4C0}.Debug|Any CPU.Build.0 = Debug|Any CPU
		{0BC262A6-7CB8-0537-7048-7ECC4905C4C0}.Release|Any CPU.ActiveCfg = Release|Any CPU
		{0BC262A6-7CB8-0537-7048-7ECC4905C4C0}.Release|Any CPU.Build.0 = Release|Any CPU
		{0B8D2E09-BFC6-AFD9-B10C-1D8AFE4E9620}.Debug|Any CPU.ActiveCfg = Debug|Any CPU
		{0B8D2E09-BFC6-AFD9-B10C-1D8AFE4E9620}.Debug|Any CPU.Build.0 = Debug|Any CPU
		{0B8D2E09-BFC6-AFD9-B10C-1D8AFE4E9620}.Release|Any CPU.ActiveCfg = Release|Any CPU
		{0B8D2E09-BFC6-AFD9-B10C-1D8AFE4E9620}.Release|Any CPU.Build.0 = Release|Any CPU
		{331B9374-A526-9D14-5218-C0380B5DE04D}.Debug|Any CPU.ActiveCfg = Debug|Any CPU
		{331B9374-A526-9D14-5218-C0380B5DE04D}.Debug|Any CPU.Build.0 = Debug|Any CPU
		{331B9374-A526-9D14-5218-C0380B5DE04D}.Release|Any CPU.ActiveCfg = Release|Any CPU
		{331B9374-A526-9D14-5218-C0380B5DE04D}.Release|Any CPU.Build.0 = Release|Any CPU
		{FCCB6550-C15C-07B8-7C69-A7D4F89CD73B}.Debug|Any CPU.ActiveCfg = Debug|Any CPU
		{FCCB6550-C15C-07B8-7C69-A7D4F89CD73B}.Debug|Any CPU.Build.0 = Debug|Any CPU
		{FCCB6550-C15C-07B8-7C69-A7D4F89CD73B}.Release|Any CPU.ActiveCfg = Release|Any CPU
		{FCCB6550-C15C-07B8-7C69-A7D4F89CD73B}.Release|Any CPU.Build.0 = Release|Any CPU
		{960C163F-6C75-B400-6C6B-A5E049C281C1}.Debug|Any CPU.ActiveCfg = Debug|Any CPU
		{960C163F-6C75-B400-6C6B-A5E049C281C1}.Debug|Any CPU.Build.0 = Debug|Any CPU
		{960C163F-6C75-B400-6C6B-A5E049C281C1}.Release|Any CPU.ActiveCfg = Release|Any CPU
		{960C163F-6C75-B400-6C6B-A5E049C281C1}.Release|Any CPU.Build.0 = Release|Any CPU
		{575726EB-1D8D-B5F3-21B2-F9E2EDFAF397}.Debug|Any CPU.ActiveCfg = Debug|Any CPU
		{575726EB-1D8D-B5F3-21B2-F9E2EDFAF397}.Debug|Any CPU.Build.0 = Debug|Any CPU
		{575726EB-1D8D-B5F3-21B2-F9E2EDFAF397}.Release|Any CPU.ActiveCfg = Release|Any CPU
		{575726EB-1D8D-B5F3-21B2-F9E2EDFAF397}.Release|Any CPU.Build.0 = Release|Any CPU
		{C47A3607-DFA0-666A-CE7F-F372CEAAD42B}.Debug|Any CPU.ActiveCfg = Debug|Any CPU
		{C47A3607-DFA0-666A-CE7F-F372CEAAD42B}.Debug|Any CPU.Build.0 = Debug|Any CPU
		{C47A3607-DFA0-666A-CE7F-F372CEAAD42B}.Release|Any CPU.ActiveCfg = Release|Any CPU
		{C47A3607-DFA0-666A-CE7F-F372CEAAD42B}.Release|Any CPU.Build.0 = Release|Any CPU
		{BDCBC86F-F39F-72BB-3024-02901442512A}.Debug|Any CPU.ActiveCfg = Debug|Any CPU
		{BDCBC86F-F39F-72BB-3024-02901442512A}.Debug|Any CPU.Build.0 = Debug|Any CPU
		{BDCBC86F-F39F-72BB-3024-02901442512A}.Release|Any CPU.ActiveCfg = Release|Any CPU
		{BDCBC86F-F39F-72BB-3024-02901442512A}.Release|Any CPU.Build.0 = Release|Any CPU
		{FB3B7B02-155F-E4EA-6BF7-C06901102C07}.Debug|Any CPU.ActiveCfg = Debug|Any CPU
		{FB3B7B02-155F-E4EA-6BF7-C06901102C07}.Debug|Any CPU.Build.0 = Debug|Any CPU
		{FB3B7B02-155F-E4EA-6BF7-C06901102C07}.Release|Any CPU.ActiveCfg = Release|Any CPU
		{FB3B7B02-155F-E4EA-6BF7-C06901102C07}.Release|Any CPU.Build.0 = Release|Any CPU
		{06941235-6BB3-5EBA-E739-06CFA90A06E8}.Debug|Any CPU.ActiveCfg = Debug|Any CPU
		{06941235-6BB3-5EBA-E739-06CFA90A06E8}.Debug|Any CPU.Build.0 = Debug|Any CPU
		{06941235-6BB3-5EBA-E739-06CFA90A06E8}.Release|Any CPU.ActiveCfg = Release|Any CPU
		{06941235-6BB3-5EBA-E739-06CFA90A06E8}.Release|Any CPU.Build.0 = Release|Any CPU
		{A60CCBC1-186E-D44D-D1CD-23AFAA7FC954}.Debug|Any CPU.ActiveCfg = Debug|Any CPU
		{A60CCBC1-186E-D44D-D1CD-23AFAA7FC954}.Debug|Any CPU.Build.0 = Debug|Any CPU
		{A60CCBC1-186E-D44D-D1CD-23AFAA7FC954}.Release|Any CPU.ActiveCfg = Release|Any CPU
		{A60CCBC1-186E-D44D-D1CD-23AFAA7FC954}.Release|Any CPU.Build.0 = Release|Any CPU
		{CCC70E32-B959-1C38-F86B-9114118F66B2}.Debug|Any CPU.ActiveCfg = Debug|Any CPU
		{CCC70E32-B959-1C38-F86B-9114118F66B2}.Debug|Any CPU.Build.0 = Debug|Any CPU
		{CCC70E32-B959-1C38-F86B-9114118F66B2}.Release|Any CPU.ActiveCfg = Release|Any CPU
		{CCC70E32-B959-1C38-F86B-9114118F66B2}.Release|Any CPU.Build.0 = Release|Any CPU
		{6156F47E-A518-3F92-FB8F-C6EBF437F353}.Debug|Any CPU.ActiveCfg = Debug|Any CPU
		{6156F47E-A518-3F92-FB8F-C6EBF437F353}.Debug|Any CPU.Build.0 = Debug|Any CPU
		{6156F47E-A518-3F92-FB8F-C6EBF437F353}.Release|Any CPU.ActiveCfg = Release|Any CPU
		{6156F47E-A518-3F92-FB8F-C6EBF437F353}.Release|Any CPU.Build.0 = Release|Any CPU
		{0CEB74BE-DE60-6C8A-DB9E-A02B32B1E5DF}.Debug|Any CPU.ActiveCfg = Debug|Any CPU
		{0CEB74BE-DE60-6C8A-DB9E-A02B32B1E5DF}.Debug|Any CPU.Build.0 = Debug|Any CPU
		{0CEB74BE-DE60-6C8A-DB9E-A02B32B1E5DF}.Release|Any CPU.ActiveCfg = Release|Any CPU
		{0CEB74BE-DE60-6C8A-DB9E-A02B32B1E5DF}.Release|Any CPU.Build.0 = Release|Any CPU
		{037D3485-B8E7-1C0C-4FA6-B86944B55755}.Debug|Any CPU.ActiveCfg = Debug|Any CPU
		{037D3485-B8E7-1C0C-4FA6-B86944B55755}.Debug|Any CPU.Build.0 = Debug|Any CPU
		{037D3485-B8E7-1C0C-4FA6-B86944B55755}.Release|Any CPU.ActiveCfg = Release|Any CPU
		{037D3485-B8E7-1C0C-4FA6-B86944B55755}.Release|Any CPU.Build.0 = Release|Any CPU
		{D4B4C936-48EF-894A-89BE-95C9FF6397DD}.Debug|Any CPU.ActiveCfg = Debug|Any CPU
		{D4B4C936-48EF-894A-89BE-95C9FF6397DD}.Debug|Any CPU.Build.0 = Debug|Any CPU
		{D4B4C936-48EF-894A-89BE-95C9FF6397DD}.Release|Any CPU.ActiveCfg = Release|Any CPU
		{D4B4C936-48EF-894A-89BE-95C9FF6397DD}.Release|Any CPU.Build.0 = Release|Any CPU
		{CE2925D8-9B32-A1BC-B388-94A6E8ABF1BF}.Debug|Any CPU.ActiveCfg = Debug|Any CPU
		{CE2925D8-9B32-A1BC-B388-94A6E8ABF1BF}.Debug|Any CPU.Build.0 = Debug|Any CPU
		{CE2925D8-9B32-A1BC-B388-94A6E8ABF1BF}.Release|Any CPU.ActiveCfg = Release|Any CPU
		{CE2925D8-9B32-A1BC-B388-94A6E8ABF1BF}.Release|Any CPU.Build.0 = Release|Any CPU
		{6D137C49-0C57-1217-C7D1-972EA4FDC2B6}.Debug|Any CPU.ActiveCfg = Debug|Any CPU
		{6D137C49-0C57-1217-C7D1-972EA4FDC2B6}.Debug|Any CPU.Build.0 = Debug|Any CPU
		{6D137C49-0C57-1217-C7D1-972EA4FDC2B6}.Release|Any CPU.ActiveCfg = Release|Any CPU
		{6D137C49-0C57-1217-C7D1-972EA4FDC2B6}.Release|Any CPU.Build.0 = Release|Any CPU
		{AFDFCBF8-277B-83B7-1ED8-1EBEF1B65CCB}.Debug|Any CPU.ActiveCfg = Debug|Any CPU
		{AFDFCBF8-277B-83B7-1ED8-1EBEF1B65CCB}.Debug|Any CPU.Build.0 = Debug|Any CPU
		{AFDFCBF8-277B-83B7-1ED8-1EBEF1B65CCB}.Release|Any CPU.ActiveCfg = Release|Any CPU
		{AFDFCBF8-277B-83B7-1ED8-1EBEF1B65CCB}.Release|Any CPU.Build.0 = Release|Any CPU
		{57D7A197-8093-0C3C-2902-397A43ECEBC8}.Debug|Any CPU.ActiveCfg = Debug|Any CPU
		{57D7A197-8093-0C3C-2902-397A43ECEBC8}.Debug|Any CPU.Build.0 = Debug|Any CPU
		{57D7A197-8093-0C3C-2902-397A43ECEBC8}.Release|Any CPU.ActiveCfg = Release|Any CPU
		{57D7A197-8093-0C3C-2902-397A43ECEBC8}.Release|Any CPU.Build.0 = Release|Any CPU
		{4DDF03DC-BB01-0BBC-C82E-A531EFFBDE92}.Debug|Any CPU.ActiveCfg = Debug|Any CPU
		{4DDF03DC-BB01-0BBC-C82E-A531EFFBDE92}.Debug|Any CPU.Build.0 = Debug|Any CPU
		{4DDF03DC-BB01-0BBC-C82E-A531EFFBDE92}.Release|Any CPU.ActiveCfg = Release|Any CPU
		{4DDF03DC-BB01-0BBC-C82E-A531EFFBDE92}.Release|Any CPU.Build.0 = Release|Any CPU
		{25B924F8-EBDC-7161-AF01-027BF9E5EAFF}.Debug|Any CPU.ActiveCfg = Debug|Any CPU
		{25B924F8-EBDC-7161-AF01-027BF9E5EAFF}.Debug|Any CPU.Build.0 = Debug|Any CPU
		{25B924F8-EBDC-7161-AF01-027BF9E5EAFF}.Release|Any CPU.ActiveCfg = Release|Any CPU
		{25B924F8-EBDC-7161-AF01-027BF9E5EAFF}.Release|Any CPU.Build.0 = Release|Any CPU
		{2EA3F110-BBEB-EC1B-E919-53D9789A25FD}.Debug|Any CPU.ActiveCfg = Debug|Any CPU
		{2EA3F110-BBEB-EC1B-E919-53D9789A25FD}.Debug|Any CPU.Build.0 = Debug|Any CPU
		{2EA3F110-BBEB-EC1B-E919-53D9789A25FD}.Release|Any CPU.ActiveCfg = Release|Any CPU
		{2EA3F110-BBEB-EC1B-E919-53D9789A25FD}.Release|Any CPU.Build.0 = Release|Any CPU
		{671F4248-0FAD-E315-5386-272A8803ADE9}.Debug|Any CPU.ActiveCfg = Debug|Any CPU
		{671F4248-0FAD-E315-5386-272A8803ADE9}.Debug|Any CPU.Build.0 = Debug|Any CPU
		{671F4248-0FAD-E315-5386-272A8803ADE9}.Release|Any CPU.ActiveCfg = Release|Any CPU
		{671F4248-0FAD-E315-5386-272A8803ADE9}.Release|Any CPU.Build.0 = Release|Any CPU
		{97DD0FFE-8F8C-6A2C-41D7-738F6A1A5012}.Debug|Any CPU.ActiveCfg = Debug|Any CPU
		{97DD0FFE-8F8C-6A2C-41D7-738F6A1A5012}.Debug|Any CPU.Build.0 = Debug|Any CPU
		{97DD0FFE-8F8C-6A2C-41D7-738F6A1A5012}.Release|Any CPU.ActiveCfg = Release|Any CPU
		{97DD0FFE-8F8C-6A2C-41D7-738F6A1A5012}.Release|Any CPU.Build.0 = Release|Any CPU
		{2BA8D637-BD5B-24AB-FE8B-65C1F5FBD5D4}.Debug|Any CPU.ActiveCfg = Debug|Any CPU
		{2BA8D637-BD5B-24AB-FE8B-65C1F5FBD5D4}.Debug|Any CPU.Build.0 = Debug|Any CPU
		{2BA8D637-BD5B-24AB-FE8B-65C1F5FBD5D4}.Release|Any CPU.ActiveCfg = Release|Any CPU
		{2BA8D637-BD5B-24AB-FE8B-65C1F5FBD5D4}.Release|Any CPU.Build.0 = Release|Any CPU
		{21E07518-B0D7-74D4-D3A8-06C48828A427}.Debug|Any CPU.ActiveCfg = Debug|Any CPU
		{21E07518-B0D7-74D4-D3A8-06C48828A427}.Debug|Any CPU.Build.0 = Debug|Any CPU
		{21E07518-B0D7-74D4-D3A8-06C48828A427}.Release|Any CPU.ActiveCfg = Release|Any CPU
		{21E07518-B0D7-74D4-D3A8-06C48828A427}.Release|Any CPU.Build.0 = Release|Any CPU
		{7039761A-7D3F-7F24-E9B4-D8CC7E858D9F}.Debug|Any CPU.ActiveCfg = Debug|Any CPU
		{7039761A-7D3F-7F24-E9B4-D8CC7E858D9F}.Debug|Any CPU.Build.0 = Debug|Any CPU
		{7039761A-7D3F-7F24-E9B4-D8CC7E858D9F}.Release|Any CPU.ActiveCfg = Release|Any CPU
		{7039761A-7D3F-7F24-E9B4-D8CC7E858D9F}.Release|Any CPU.Build.0 = Release|Any CPU
		{90748A08-5E24-3EB0-405F-E2A06B01836A}.Debug|Any CPU.ActiveCfg = Debug|Any CPU
		{90748A08-5E24-3EB0-405F-E2A06B01836A}.Debug|Any CPU.Build.0 = Debug|Any CPU
		{90748A08-5E24-3EB0-405F-E2A06B01836A}.Release|Any CPU.ActiveCfg = Release|Any CPU
		{90748A08-5E24-3EB0-405F-E2A06B01836A}.Release|Any CPU.Build.0 = Release|Any CPU
		{31AAB326-7DEE-EE7F-6449-C2FB2E9F6998}.Debug|Any CPU.ActiveCfg = Debug|Any CPU
		{31AAB326-7DEE-EE7F-6449-C2FB2E9F6998}.Debug|Any CPU.Build.0 = Debug|Any CPU
		{31AAB326-7DEE-EE7F-6449-C2FB2E9F6998}.Release|Any CPU.ActiveCfg = Release|Any CPU
		{31AAB326-7DEE-EE7F-6449-C2FB2E9F6998}.Release|Any CPU.Build.0 = Release|Any CPU
		{7E4433C9-4791-30D8-581D-E30C6D03AE29}.Debug|Any CPU.ActiveCfg = Debug|Any CPU
		{7E4433C9-4791-30D8-581D-E30C6D03AE29}.Debug|Any CPU.Build.0 = Debug|Any CPU
		{7E4433C9-4791-30D8-581D-E30C6D03AE29}.Release|Any CPU.ActiveCfg = Release|Any CPU
		{7E4433C9-4791-30D8-581D-E30C6D03AE29}.Release|Any CPU.Build.0 = Release|Any CPU
		{8A7EAD46-59FD-DAB3-2FA2-AE520ECA2BC1}.Debug|Any CPU.ActiveCfg = Debug|Any CPU
		{8A7EAD46-59FD-DAB3-2FA2-AE520ECA2BC1}.Debug|Any CPU.Build.0 = Debug|Any CPU
		{8A7EAD46-59FD-DAB3-2FA2-AE520ECA2BC1}.Release|Any CPU.ActiveCfg = Release|Any CPU
		{8A7EAD46-59FD-DAB3-2FA2-AE520ECA2BC1}.Release|Any CPU.Build.0 = Release|Any CPU
		{9F30D077-CF23-5B15-46D5-3700A350C7F7}.Debug|Any CPU.ActiveCfg = Debug|Any CPU
		{9F30D077-CF23-5B15-46D5-3700A350C7F7}.Debug|Any CPU.Build.0 = Debug|Any CPU
		{9F30D077-CF23-5B15-46D5-3700A350C7F7}.Release|Any CPU.ActiveCfg = Release|Any CPU
		{9F30D077-CF23-5B15-46D5-3700A350C7F7}.Release|Any CPU.Build.0 = Release|Any CPU
		{B5BA97E4-16FA-2A66-DF13-CD2CCEA42C43}.Debug|Any CPU.ActiveCfg = Debug|Any CPU
		{B5BA97E4-16FA-2A66-DF13-CD2CCEA42C43}.Debug|Any CPU.Build.0 = Debug|Any CPU
		{B5BA97E4-16FA-2A66-DF13-CD2CCEA42C43}.Release|Any CPU.ActiveCfg = Release|Any CPU
		{B5BA97E4-16FA-2A66-DF13-CD2CCEA42C43}.Release|Any CPU.Build.0 = Release|Any CPU
		{33A4D81F-1BE4-B875-86EE-169D88C294EF}.Debug|Any CPU.ActiveCfg = Debug|Any CPU
		{33A4D81F-1BE4-B875-86EE-169D88C294EF}.Debug|Any CPU.Build.0 = Debug|Any CPU
		{33A4D81F-1BE4-B875-86EE-169D88C294EF}.Release|Any CPU.ActiveCfg = Release|Any CPU
		{33A4D81F-1BE4-B875-86EE-169D88C294EF}.Release|Any CPU.Build.0 = Release|Any CPU
		{30AFBFF7-0E8E-E11F-E8AB-A23B41935A3F}.Debug|Any CPU.ActiveCfg = Debug|Any CPU
		{30AFBFF7-0E8E-E11F-E8AB-A23B41935A3F}.Debug|Any CPU.Build.0 = Debug|Any CPU
		{30AFBFF7-0E8E-E11F-E8AB-A23B41935A3F}.Release|Any CPU.ActiveCfg = Release|Any CPU
		{30AFBFF7-0E8E-E11F-E8AB-A23B41935A3F}.Release|Any CPU.Build.0 = Release|Any CPU
		{5047FA4E-7B17-2901-348E-D0ABEF210BD6}.Debug|Any CPU.ActiveCfg = Debug|Any CPU
		{5047FA4E-7B17-2901-348E-D0ABEF210BD6}.Debug|Any CPU.Build.0 = Debug|Any CPU
		{5047FA4E-7B17-2901-348E-D0ABEF210BD6}.Release|Any CPU.ActiveCfg = Release|Any CPU
		{5047FA4E-7B17-2901-348E-D0ABEF210BD6}.Release|Any CPU.Build.0 = Release|Any CPU
		{9276E8C8-0DBC-1469-E404-91963E04F0F9}.Debug|Any CPU.ActiveCfg = Debug|Any CPU
		{9276E8C8-0DBC-1469-E404-91963E04F0F9}.Debug|Any CPU.Build.0 = Debug|Any CPU
		{9276E8C8-0DBC-1469-E404-91963E04F0F9}.Release|Any CPU.ActiveCfg = Release|Any CPU
		{9276E8C8-0DBC-1469-E404-91963E04F0F9}.Release|Any CPU.Build.0 = Release|Any CPU
		{4F06E3F5-BC38-B9E7-2624-680750D11F29}.Debug|Any CPU.ActiveCfg = Debug|Any CPU
		{4F06E3F5-BC38-B9E7-2624-680750D11F29}.Debug|Any CPU.Build.0 = Debug|Any CPU
		{4F06E3F5-BC38-B9E7-2624-680750D11F29}.Release|Any CPU.ActiveCfg = Release|Any CPU
		{4F06E3F5-BC38-B9E7-2624-680750D11F29}.Release|Any CPU.Build.0 = Release|Any CPU
		{A7A4999D-694C-CFCB-6719-1CFABEF56204}.Debug|Any CPU.ActiveCfg = Debug|Any CPU
		{A7A4999D-694C-CFCB-6719-1CFABEF56204}.Debug|Any CPU.Build.0 = Debug|Any CPU
		{A7A4999D-694C-CFCB-6719-1CFABEF56204}.Release|Any CPU.ActiveCfg = Release|Any CPU
		{A7A4999D-694C-CFCB-6719-1CFABEF56204}.Release|Any CPU.Build.0 = Release|Any CPU
		{E1DAAE65-0EB2-3ACD-1693-E4C340A50FEE}.Debug|Any CPU.ActiveCfg = Debug|Any CPU
		{E1DAAE65-0EB2-3ACD-1693-E4C340A50FEE}.Debug|Any CPU.Build.0 = Debug|Any CPU
		{E1DAAE65-0EB2-3ACD-1693-E4C340A50FEE}.Release|Any CPU.ActiveCfg = Release|Any CPU
		{E1DAAE65-0EB2-3ACD-1693-E4C340A50FEE}.Release|Any CPU.Build.0 = Release|Any CPU
		{F8E2104C-F592-BF54-2EE8-0705A17540CD}.Debug|Any CPU.ActiveCfg = Debug|Any CPU
		{F8E2104C-F592-BF54-2EE8-0705A17540CD}.Debug|Any CPU.Build.0 = Debug|Any CPU
		{F8E2104C-F592-BF54-2EE8-0705A17540CD}.Release|Any CPU.ActiveCfg = Release|Any CPU
		{F8E2104C-F592-BF54-2EE8-0705A17540CD}.Release|Any CPU.Build.0 = Release|Any CPU
		{C440B6B5-9867-4C52-7DF4-D21C5F2EF57E}.Debug|Any CPU.ActiveCfg = Debug|Any CPU
		{C440B6B5-9867-4C52-7DF4-D21C5F2EF57E}.Debug|Any CPU.Build.0 = Debug|Any CPU
		{C440B6B5-9867-4C52-7DF4-D21C5F2EF57E}.Release|Any CPU.ActiveCfg = Release|Any CPU
		{C440B6B5-9867-4C52-7DF4-D21C5F2EF57E}.Release|Any CPU.Build.0 = Release|Any CPU
		{94103704-1D2C-CF27-8F32-A67DEFAB90B2}.Debug|Any CPU.ActiveCfg = Debug|Any CPU
		{94103704-1D2C-CF27-8F32-A67DEFAB90B2}.Debug|Any CPU.Build.0 = Debug|Any CPU
		{94103704-1D2C-CF27-8F32-A67DEFAB90B2}.Release|Any CPU.ActiveCfg = Release|Any CPU
		{94103704-1D2C-CF27-8F32-A67DEFAB90B2}.Release|Any CPU.Build.0 = Release|Any CPU
		{AC931353-74E3-0018-A8DD-1887E4C54B63}.Debug|Any CPU.ActiveCfg = Debug|Any CPU
		{AC931353-74E3-0018-A8DD-1887E4C54B63}.Debug|Any CPU.Build.0 = Debug|Any CPU
		{AC931353-74E3-0018-A8DD-1887E4C54B63}.Release|Any CPU.ActiveCfg = Release|Any CPU
		{AC931353-74E3-0018-A8DD-1887E4C54B63}.Release|Any CPU.Build.0 = Release|Any CPU
		{5B0B3DC0-C965-FABB-BF83-E4FB31680F37}.Debug|Any CPU.ActiveCfg = Debug|Any CPU
		{5B0B3DC0-C965-FABB-BF83-E4FB31680F37}.Debug|Any CPU.Build.0 = Debug|Any CPU
		{5B0B3DC0-C965-FABB-BF83-E4FB31680F37}.Release|Any CPU.ActiveCfg = Release|Any CPU
		{5B0B3DC0-C965-FABB-BF83-E4FB31680F37}.Release|Any CPU.Build.0 = Release|Any CPU
		{1A05DC5A-37A1-1ADB-EF44-59B0DD3CEF13}.Debug|Any CPU.ActiveCfg = Debug|Any CPU
		{1A05DC5A-37A1-1ADB-EF44-59B0DD3CEF13}.Debug|Any CPU.Build.0 = Debug|Any CPU
		{1A05DC5A-37A1-1ADB-EF44-59B0DD3CEF13}.Release|Any CPU.ActiveCfg = Release|Any CPU
		{1A05DC5A-37A1-1ADB-EF44-59B0DD3CEF13}.Release|Any CPU.Build.0 = Release|Any CPU
		{66895143-F1AE-7F09-443C-76AA1F107378}.Debug|Any CPU.ActiveCfg = Debug|Any CPU
		{66895143-F1AE-7F09-443C-76AA1F107378}.Debug|Any CPU.Build.0 = Debug|Any CPU
		{66895143-F1AE-7F09-443C-76AA1F107378}.Release|Any CPU.ActiveCfg = Release|Any CPU
		{66895143-F1AE-7F09-443C-76AA1F107378}.Release|Any CPU.Build.0 = Release|Any CPU
		{83112E18-F026-9546-2379-5893891EF5AA}.Debug|Any CPU.ActiveCfg = Debug|Any CPU
		{83112E18-F026-9546-2379-5893891EF5AA}.Debug|Any CPU.Build.0 = Debug|Any CPU
		{83112E18-F026-9546-2379-5893891EF5AA}.Release|Any CPU.ActiveCfg = Release|Any CPU
		{83112E18-F026-9546-2379-5893891EF5AA}.Release|Any CPU.Build.0 = Release|Any CPU
		{74D62698-D92E-E893-06B8-4F20E82F24EE}.Debug|Any CPU.ActiveCfg = Debug|Any CPU
		{74D62698-D92E-E893-06B8-4F20E82F24EE}.Debug|Any CPU.Build.0 = Debug|Any CPU
		{74D62698-D92E-E893-06B8-4F20E82F24EE}.Release|Any CPU.ActiveCfg = Release|Any CPU
		{74D62698-D92E-E893-06B8-4F20E82F24EE}.Release|Any CPU.Build.0 = Release|Any CPU
	EndGlobalSection
	GlobalSection(SolutionProperties) = preSolution
		HideSolutionNode = FALSE
	EndGlobalSection
EndGlobal
